
Microsoft Visual Studio Solution File, Format Version 12.00
# Visual Studio Version 16
VisualStudioVersion = 16.0.33027.164
MinimumVisualStudioVersion = 10.0.40219.1
Project("{FAE04EC0-301F-11D3-BF4B-00C04F79EFBC}") = "Kalkulator", "Kalkulator\Kalkulator.csproj", "{8C36BEB2-F6D5-4B20-BEE7-4A9AF3B1822E}"
EndProject
Project("{FAE04EC0-301F-11D3-BF4B-00C04F79EFBC}") = "Zadatak-2", "Zadatak-2\Zadatak-2.csproj", "{D63603D7-FB78-4D26-8B12-B9EFA39D54AB}"
EndProject
Project("{FAE04EC0-301F-11D3-BF4B-00C04F79EFBC}") = "BazaPodataka", "BazaPodataka\BazaPodataka.csproj", "{2860CDA1-D073-49C3-B464-44CAC1F8161A}"
EndProject
Project("{FAE04EC0-301F-11D3-BF4B-00C04F79EFBC}") = "LV4_MasterPages", "LV4_MasterPages\LV4_MasterPages.csproj", "{BC25F096-8556-470F-87C8-2B9127BD4DBC}"
EndProject
Project("{FAE04EC0-301F-11D3-BF4B-00C04F79EFBC}") = "LV6_Primjer1_Primjer2", "LV6_Primjer1_Primjer2\LV6_Primjer1_Primjer2.csproj", "{F2480519-B3A4-4EF3-84A7-012EE707761B}"
EndProject
Project("{FAE04EC0-301F-11D3-BF4B-00C04F79EFBC}") = "LV7", "LV7\LV7.csproj", "{85B10F6E-BC0F-4FF6-8A1C-9A8BAC5EB0B4}"
EndProject
Project("{FAE04EC0-301F-11D3-BF4B-00C04F79EFBC}") = "LV5_SlideShow", "LV5_SlideShow\LV5_SlideShow.csproj", "{EDCD6F99-093C-4385-B35A-60D4CD7950E3}"
EndProject
Project("{FAE04EC0-301F-11D3-BF4B-00C04F79EFBC}") = "LV6", "LV6\LV6.csproj", "{16D20C20-AA0A-46E8-98E0-35FF85E076A4}"
EndProject
Project("{FAE04EC0-301F-11D3-BF4B-00C04F79EFBC}") = "LV8", "LV8\LV8.csproj", "{8DE8BCEB-E2BB-4D3E-A9D5-28D7F6C1FF48}"
EndProject
Global
	GlobalSection(SolutionConfigurationPlatforms) = preSolution
		Debug|Any CPU = Debug|Any CPU
		Release|Any CPU = Release|Any CPU
	EndGlobalSection
	GlobalSection(ProjectConfigurationPlatforms) = postSolution
		{8C36BEB2-F6D5-4B20-BEE7-4A9AF3B1822E}.Debug|Any CPU.ActiveCfg = Debug|Any CPU
		{8C36BEB2-F6D5-4B20-BEE7-4A9AF3B1822E}.Debug|Any CPU.Build.0 = Debug|Any CPU
		{8C36BEB2-F6D5-4B20-BEE7-4A9AF3B1822E}.Release|Any CPU.ActiveCfg = Release|Any CPU
		{8C36BEB2-F6D5-4B20-BEE7-4A9AF3B1822E}.Release|Any CPU.Build.0 = Release|Any CPU
		{D63603D7-FB78-4D26-8B12-B9EFA39D54AB}.Debug|Any CPU.ActiveCfg = Debug|Any CPU
		{D63603D7-FB78-4D26-8B12-B9EFA39D54AB}.Debug|Any CPU.Build.0 = Debug|Any CPU
		{D63603D7-FB78-4D26-8B12-B9EFA39D54AB}.Release|Any CPU.ActiveCfg = Release|Any CPU
		{D63603D7-FB78-4D26-8B12-B9EFA39D54AB}.Release|Any CPU.Build.0 = Release|Any CPU
		{2860CDA1-D073-49C3-B464-44CAC1F8161A}.Debug|Any CPU.ActiveCfg = Debug|Any CPU
		{2860CDA1-D073-49C3-B464-44CAC1F8161A}.Debug|Any CPU.Build.0 = Debug|Any CPU
		{2860CDA1-D073-49C3-B464-44CAC1F8161A}.Release|Any CPU.ActiveCfg = Release|Any CPU
		{2860CDA1-D073-49C3-B464-44CAC1F8161A}.Release|Any CPU.Build.0 = Release|Any CPU
		{BC25F096-8556-470F-87C8-2B9127BD4DBC}.Debug|Any CPU.ActiveCfg = Debug|Any CPU
		{BC25F096-8556-470F-87C8-2B9127BD4DBC}.Debug|Any CPU.Build.0 = Debug|Any CPU
		{BC25F096-8556-470F-87C8-2B9127BD4DBC}.Release|Any CPU.ActiveCfg = Release|Any CPU
		{BC25F096-8556-470F-87C8-2B9127BD4DBC}.Release|Any CPU.Build.0 = Release|Any CPU
		{F2480519-B3A4-4EF3-84A7-012EE707761B}.Debug|Any CPU.ActiveCfg = Debug|Any CPU
		{F2480519-B3A4-4EF3-84A7-012EE707761B}.Debug|Any CPU.Build.0 = Debug|Any CPU
		{F2480519-B3A4-4EF3-84A7-012EE707761B}.Release|Any CPU.ActiveCfg = Release|Any CPU
		{F2480519-B3A4-4EF3-84A7-012EE707761B}.Release|Any CPU.Build.0 = Release|Any CPU
		{85B10F6E-BC0F-4FF6-8A1C-9A8BAC5EB0B4}.Debug|Any CPU.ActiveCfg = Debug|Any CPU
		{85B10F6E-BC0F-4FF6-8A1C-9A8BAC5EB0B4}.Debug|Any CPU.Build.0 = Debug|Any CPU
		{85B10F6E-BC0F-4FF6-8A1C-9A8BAC5EB0B4}.Release|Any CPU.ActiveCfg = Release|Any CPU
		{85B10F6E-BC0F-4FF6-8A1C-9A8BAC5EB0B4}.Release|Any CPU.Build.0 = Release|Any CPU
		{EDCD6F99-093C-4385-B35A-60D4CD7950E3}.Debug|Any CPU.ActiveCfg = Debug|Any CPU
		{EDCD6F99-093C-4385-B35A-60D4CD7950E3}.Debug|Any CPU.Build.0 = Debug|Any CPU
		{EDCD6F99-093C-4385-B35A-60D4CD7950E3}.Release|Any CPU.ActiveCfg = Release|Any CPU
		{EDCD6F99-093C-4385-B35A-60D4CD7950E3}.Release|Any CPU.Build.0 = Release|Any CPU
		{16D20C20-AA0A-46E8-98E0-35FF85E076A4}.Debug|Any CPU.ActiveCfg = Debug|Any CPU
		{16D20C20-AA0A-46E8-98E0-35FF85E076A4}.Debug|Any CPU.Build.0 = Debug|Any CPU
		{16D20C20-AA0A-46E8-98E0-35FF85E076A4}.Release|Any CPU.ActiveCfg = Release|Any CPU
		{16D20C20-AA0A-46E8-98E0-35FF85E076A4}.Release|Any CPU.Build.0 = Release|Any CPU
		{8DE8BCEB-E2BB-4D3E-A9D5-28D7F6C1FF48}.Debug|Any CPU.ActiveCfg = Debug|Any CPU
		{8DE8BCEB-E2BB-4D3E-A9D5-28D7F6C1FF48}.Debug|Any CPU.Build.0 = Debug|Any CPU
		{8DE8BCEB-E2BB-4D3E-A9D5-28D7F6C1FF48}.Release|Any CPU.ActiveCfg = Release|Any CPU
		{8DE8BCEB-E2BB-4D3E-A9D5-28D7F6C1FF48}.Release|Any CPU.Build.0 = Release|Any CPU
	EndGlobalSection
	GlobalSection(SolutionProperties) = preSolution
		HideSolutionNode = FALSE
	EndGlobalSection
	GlobalSection(ExtensibilityGlobals) = postSolution
		SolutionGuid = {01E40367-92EE-4275-AB8C-FF5B9B5E50D7}
	EndGlobalSection
EndGlobal
